PODS:
  - YumiMediationSDK (4.3.0)

DEPENDENCIES:
  - YumiMediationSDK

SPEC REPOS:
  https://github.com/cocoapods/specs.git:
    - YumiMediationSDK

SPEC CHECKSUMS:
  YumiMediationSDK: ba25791cca69841a460d949826a7bef554179300

PODFILE CHECKSUM: 0f2589eb1cf48e8b99b5d46c3d4e32c4600efbf0

COCOAPODS: 1.7.5
