PODS:
  - AppCenter (1.2.0):
    - AppCenter/Analytics (= 1.2.0)
    - AppCenter/Crashes (= 1.2.0)
  - AppCenter/Analytics (1.2.0):
    - AppCenter/Core
  - AppCenter/Core (1.2.0)
  - AppCenter/Crashes (1.2.0):
    - AppCenter/Core
  - YumiMediationSDK (4.5.1)

DEPENDENCIES:
  - AppCenter
  - YumiMediationSDK

SPEC REPOS:
  https://github.com/CocoaPods/Specs.git:
    - AppCenter
  https://github.com/yumimobi/Specs.git:
    - YumiMediationSDK

SPEC CHECKSUMS:
  AppCenter: d0b68b2a7a87ac0aed78e66f36d87fd321d0a29c
  YumiMediationSDK: 5d936916fcc2570bca4970461e4e7212c97b6fc4

PODFILE CHECKSUM: dab57b8e700a8986fdf0e0f478cf018af70030ef

COCOAPODS: 1.8.4
