PODS:
  - YumiMediationSDK (4.5.0)

DEPENDENCIES:
  - YumiMediationSDK

SPEC REPOS:
  https://github.com/yumimobi/Specs.git:
    - YumiMediationSDK

SPEC CHECKSUMS:
  YumiMediationSDK: 684fc42617c281a2706682ba722facca8d4c75cc

PODFILE CHECKSUM: 2453a00c69731678b110885ca11f853bdd000c4b

COCOAPODS: 1.8.4
