// !$*UTF8*$!
{
	archiveVersion = 1;
	classes = {
	};
	objectVersion = 51;
	objects = {

/* Begin PBXBuildFile section */
		6D075B9F22B37D5A0041F2CC /* native_close@2x.png in Resources */ = {isa = PBXBuildFile; fileRef = 6D075B9D22B37D5A0041F2CC /* native_close@2x.png */; };
		6D075BA022B37D5A0041F2CC /* native_back@2x.png in Resources */ = {isa = PBXBuildFile; fileRef = 6D075B9E22B37D5A0041F2CC /* native_back@2x.png */; };
		6D691C5022AF5040000D0E0A /* YMAppDelegate.m in Sources */ = {isa = PBXBuildFile; fileRef = 6D691C4F22AF5040000D0E0A /* YMAppDelegate.m */; };
		6D691C5622AF5040000D0E0A /* Main.storyboard in Resources */ = {isa = PBXBuildFile; fileRef = 6D691C5422AF5040000D0E0A /* Main.storyboard */; };
		6D691C5922AF5040000D0E0A /* YumiMobileSDKDemo_iOS.xcdatamodeld in Sources */ = {isa = PBXBuildFile; fileRef = 6D691C5722AF5040000D0E0A /* YumiMobileSDKDemo_iOS.xcdatamodeld */; };
		6D691C5B22AF5040000D0E0A /* Assets.xcassets in Resources */ = {isa = PBXBuildFile; fileRef = 6D691C5A22AF5040000D0E0A /* Assets.xcassets */; };
		6D691C5E22AF5040000D0E0A /* LaunchScreen.storyboard in Resources */ = {isa = PBXBuildFile; fileRef = 6D691C5C22AF5040000D0E0A /* LaunchScreen.storyboard */; };
		6D691C6122AF5040000D0E0A /* main.m in Sources */ = {isa = PBXBuildFile; fileRef = 6D691C6022AF5040000D0E0A /* main.m */; };
		6DB514FB22AF544F004A5A4F /* YMInitializeModel.m in Sources */ = {isa = PBXBuildFile; fileRef = 6DB514E622AF544F004A5A4F /* YMInitializeModel.m */; };
		6DB514FC22AF544F004A5A4F /* UIView+Toast.m in Sources */ = {isa = PBXBuildFile; fileRef = 6DB514EA22AF544F004A5A4F /* UIView+Toast.m */; };
		6DB514FE22AF544F004A5A4F /* YMInitializeInfoUserDefaults.m in Sources */ = {isa = PBXBuildFile; fileRef = 6DB514EE22AF544F004A5A4F /* YMInitializeInfoUserDefaults.m */; };
		6DB5151F22AF5EDF004A5A4F /* CALayer+Transition.m in Sources */ = {isa = PBXBuildFile; fileRef = 6DB5151E22AF5EDF004A5A4F /* CALayer+Transition.m */; };
		6DB5152A22AF6206004A5A4F /* YMAppViewController.xib in Resources */ = {isa = PBXBuildFile; fileRef = 6DB5152222AF6205004A5A4F /* YMAppViewController.xib */; };
		6DB5152B22AF6206004A5A4F /* YMAppViewController.m in Sources */ = {isa = PBXBuildFile; fileRef = 6DB5152522AF6205004A5A4F /* YMAppViewController.m */; };
		6DB5152C22AF6206004A5A4F /* YMViewController.m in Sources */ = {isa = PBXBuildFile; fileRef = 6DB5152622AF6205004A5A4F /* YMViewController.m */; };
		6DB5152D22AF6206004A5A4F /* YMNativeView.xib in Resources */ = {isa = PBXBuildFile; fileRef = 6DB5152722AF6206004A5A4F /* YMNativeView.xib */; };
		6DB5152E22AF6206004A5A4F /* YMNativeView.m in Sources */ = {isa = PBXBuildFile; fileRef = 6DB5152822AF6206004A5A4F /* YMNativeView.m */; };
		884FFFC1728FCB971DF08FF2 /* libPods-YumiMobileSDKDemo-iOS.a in Frameworks */ = {isa = PBXBuildFile; fileRef = 26646733205B61C7FB7C5D13 /* libPods-YumiMobileSDKDemo-iOS.a */; };
/* End PBXBuildFile section */

/* Begin PBXFileReference section */
		26646733205B61C7FB7C5D13 /* libPods-YumiMobileSDKDemo-iOS.a */ = {isa = PBXFileReference; explicitFileType = archive.ar; includeInIndex = 0; path = "libPods-YumiMobileSDKDemo-iOS.a"; sourceTree = BUILT_PRODUCTS_DIR; };
		6D075B9D22B37D5A0041F2CC /* native_close@2x.png */ = {isa = PBXFileReference; lastKnownFileType = image.png; name = "native_close@2x.png"; path = "YumiMobileSDKDemo-iOS/Demo/native_close@2x.png"; sourceTree = SOURCE_ROOT; };
		6D075B9E22B37D5A0041F2CC /* native_back@2x.png */ = {isa = PBXFileReference; lastKnownFileType = image.png; name = "native_back@2x.png"; path = "YumiMobileSDKDemo-iOS/Demo/native_back@2x.png"; sourceTree = SOURCE_ROOT; };
		6D691C4B22AF503F000D0E0A /* YumiMobileSDKDemo-iOS.app */ = {isa = PBXFileReference; explicitFileType = wrapper.application; includeInIndex = 0; path = "YumiMobileSDKDemo-iOS.app"; sourceTree = BUILT_PRODUCTS_DIR; };
		6D691C4E22AF503F000D0E0A /* YMAppDelegate.h */ = {isa = PBXFileReference; lastKnownFileType = sourcecode.c.h; path = YMAppDelegate.h; sourceTree = "<group>"; };
		6D691C4F22AF5040000D0E0A /* YMAppDelegate.m */ = {isa = PBXFileReference; lastKnownFileType = sourcecode.c.objc; path = YMAppDelegate.m; sourceTree = "<group>"; };
		6D691C5522AF5040000D0E0A /* Base */ = {isa = PBXFileReference; lastKnownFileType = file.storyboard; name = Base; path = Base.lproj/Main.storyboard; sourceTree = "<group>"; };
		6D691C5822AF5040000D0E0A /* YumiMobileSDKDemo_iOS.xcdatamodel */ = {isa = PBXFileReference; lastKnownFileType = wrapper.xcdatamodel; path = YumiMobileSDKDemo_iOS.xcdatamodel; sourceTree = "<group>"; };
		6D691C5A22AF5040000D0E0A /* Assets.xcassets */ = {isa = PBXFileReference; lastKnownFileType = folder.assetcatalog; path = Assets.xcassets; sourceTree = "<group>"; };
		6D691C5D22AF5040000D0E0A /* Base */ = {isa = PBXFileReference; lastKnownFileType = file.storyboard; name = Base; path = Base.lproj/LaunchScreen.storyboard; sourceTree = "<group>"; };
		6D691C5F22AF5040000D0E0A /* Info.plist */ = {isa = PBXFileReference; lastKnownFileType = text.plist.xml; path = Info.plist; sourceTree = "<group>"; };
		6D691C6022AF5040000D0E0A /* main.m */ = {isa = PBXFileReference; lastKnownFileType = sourcecode.c.objc; path = main.m; sourceTree = "<group>"; };
		6DB514E622AF544F004A5A4F /* YMInitializeModel.m */ = {isa = PBXFileReference; fileEncoding = 4; lastKnownFileType = sourcecode.c.objc; path = YMInitializeModel.m; sourceTree = "<group>"; };
		6DB514E722AF544F004A5A4F /* YMInitializeInfoUserDefaults.h */ = {isa = PBXFileReference; fileEncoding = 4; lastKnownFileType = sourcecode.c.h; path = YMInitializeInfoUserDefaults.h; sourceTree = "<group>"; };
		6DB514E922AF544F004A5A4F /* UIView+Toast.h */ = {isa = PBXFileReference; fileEncoding = 4; lastKnownFileType = sourcecode.c.h; path = "UIView+Toast.h"; sourceTree = "<group>"; };
		6DB514EA22AF544F004A5A4F /* UIView+Toast.m */ = {isa = PBXFileReference; fileEncoding = 4; lastKnownFileType = sourcecode.c.objc; path = "UIView+Toast.m"; sourceTree = "<group>"; };
		6DB514ED22AF544F004A5A4F /* YMInitializeModel.h */ = {isa = PBXFileReference; fileEncoding = 4; lastKnownFileType = sourcecode.c.h; path = YMInitializeModel.h; sourceTree = "<group>"; };
		6DB514EE22AF544F004A5A4F /* YMInitializeInfoUserDefaults.m */ = {isa = PBXFileReference; fileEncoding = 4; lastKnownFileType = sourcecode.c.objc; path = YMInitializeInfoUserDefaults.m; sourceTree = "<group>"; };
		6DB514EF22AF544F004A5A4F /* YumiCommonHeaderFile.h */ = {isa = PBXFileReference; fileEncoding = 4; lastKnownFileType = sourcecode.c.h; path = YumiCommonHeaderFile.h; sourceTree = "<group>"; };
		6DB5151D22AF5EDF004A5A4F /* CALayer+Transition.h */ = {isa = PBXFileReference; fileEncoding = 4; lastKnownFileType = sourcecode.c.h; path = "CALayer+Transition.h"; sourceTree = "<group>"; };
		6DB5151E22AF5EDF004A5A4F /* CALayer+Transition.m */ = {isa = PBXFileReference; fileEncoding = 4; lastKnownFileType = sourcecode.c.objc; path = "CALayer+Transition.m"; sourceTree = "<group>"; };
		6DB5152222AF6205004A5A4F /* YMAppViewController.xib */ = {isa = PBXFileReference; fileEncoding = 4; lastKnownFileType = file.xib; name = YMAppViewController.xib; path = "YumiMobileSDKDemo-iOS/Demo/YMAppViewController.xib"; sourceTree = SOURCE_ROOT; };
		6DB5152322AF6205004A5A4F /* YMViewController.h */ = {isa = PBXFileReference; fileEncoding = 4; lastKnownFileType = sourcecode.c.h; name = YMViewController.h; path = "YumiMobileSDKDemo-iOS/Demo/YMViewController.h"; sourceTree = SOURCE_ROOT; };
		6DB5152422AF6205004A5A4F /* YMNativeView.h */ = {isa = PBXFileReference; fileEncoding = 4; lastKnownFileType = sourcecode.c.h; name = YMNativeView.h; path = "YumiMobileSDKDemo-iOS/Demo/YMNativeView.h"; sourceTree = SOURCE_ROOT; };
		6DB5152522AF6205004A5A4F /* YMAppViewController.m */ = {isa = PBXFileReference; fileEncoding = 4; lastKnownFileType = sourcecode.c.objc; name = YMAppViewController.m; path = "YumiMobileSDKDemo-iOS/Demo/YMAppViewController.m"; sourceTree = SOURCE_ROOT; };
		6DB5152622AF6205004A5A4F /* YMViewController.m */ = {isa = PBXFileReference; fileEncoding = 4; lastKnownFileType = sourcecode.c.objc; name = YMViewController.m; path = "YumiMobileSDKDemo-iOS/Demo/YMViewController.m"; sourceTree = SOURCE_ROOT; };
		6DB5152722AF6206004A5A4F /* YMNativeView.xib */ = {isa = PBXFileReference; fileEncoding = 4; lastKnownFileType = file.xib; name = YMNativeView.xib; path = "YumiMobileSDKDemo-iOS/Demo/YMNativeView.xib"; sourceTree = SOURCE_ROOT; };
		6DB5152822AF6206004A5A4F /* YMNativeView.m */ = {isa = PBXFileReference; fileEncoding = 4; lastKnownFileType = sourcecode.c.objc; name = YMNativeView.m; path = "YumiMobileSDKDemo-iOS/Demo/YMNativeView.m"; sourceTree = SOURCE_ROOT; };
		6DB5152922AF6206004A5A4F /* YMAppViewController.h */ = {isa = PBXFileReference; fileEncoding = 4; lastKnownFileType = sourcecode.c.h; name = YMAppViewController.h; path = "YumiMobileSDKDemo-iOS/Demo/YMAppViewController.h"; sourceTree = SOURCE_ROOT; };
		E1429F12022620E1852F4AF9 /* Pods-YumiMobileSDKDemo-iOS.release.xcconfig */ = {isa = PBXFileReference; includeInIndex = 1; lastKnownFileType = text.xcconfig; name = "Pods-YumiMobileSDKDemo-iOS.release.xcconfig"; path = "Target Support Files/Pods-YumiMobileSDKDemo-iOS/Pods-YumiMobileSDKDemo-iOS.release.xcconfig"; sourceTree = "<group>"; };
		EE975C95BBDD187E32643DE2 /* Pods-YumiMobileSDKDemo-iOS.debug.xcconfig */ = {isa = PBXFileReference; includeInIndex = 1; lastKnownFileType = text.xcconfig; name = "Pods-YumiMobileSDKDemo-iOS.debug.xcconfig"; path = "Target Support Files/Pods-YumiMobileSDKDemo-iOS/Pods-YumiMobileSDKDemo-iOS.debug.xcconfig"; sourceTree = "<group>"; };
/* End PBXFileReference section */

/* Begin PBXFrameworksBuildPhase section */
		6D691C4822AF503F000D0E0A /* Frameworks */ = {
			isa = PBXFrameworksBuildPhase;
			buildActionMask = 2147483647;
			files = (
				884FFFC1728FCB971DF08FF2 /* libPods-YumiMobileSDKDemo-iOS.a in Frameworks */,
			);
			runOnlyForDeploymentPostprocessing = 0;
		};
/* End PBXFrameworksBuildPhase section */

/* Begin PBXGroup section */
		25647493062852F53B95BA21 /* Pods */ = {
			isa = PBXGroup;
			children = (
				EE975C95BBDD187E32643DE2 /* Pods-YumiMobileSDKDemo-iOS.debug.xcconfig */,
				E1429F12022620E1852F4AF9 /* Pods-YumiMobileSDKDemo-iOS.release.xcconfig */,
			);
			path = Pods;
			sourceTree = "<group>";
		};
		6D691C4222AF503F000D0E0A = {
			isa = PBXGroup;
			children = (
				6D691C4D22AF503F000D0E0A /* YumiMobileSDKDemo-iOS */,
				6D691C4C22AF503F000D0E0A /* Products */,
				25647493062852F53B95BA21 /* Pods */,
				FC0C33C48F3F158C4A3F5F10 /* Frameworks */,
			);
			sourceTree = "<group>";
		};
		6D691C4C22AF503F000D0E0A /* Products */ = {
			isa = PBXGroup;
			children = (
				6D691C4B22AF503F000D0E0A /* YumiMobileSDKDemo-iOS.app */,
			);
			name = Products;
			sourceTree = "<group>";
		};
		6D691C4D22AF503F000D0E0A /* YumiMobileSDKDemo-iOS */ = {
			isa = PBXGroup;
			children = (
				6DB514E022AF544F004A5A4F /* Demo */,
				6D691C4E22AF503F000D0E0A /* YMAppDelegate.h */,
				6D691C4F22AF5040000D0E0A /* YMAppDelegate.m */,
				6D691C5422AF5040000D0E0A /* Main.storyboard */,
				6D691C5A22AF5040000D0E0A /* Assets.xcassets */,
				6D691C5C22AF5040000D0E0A /* LaunchScreen.storyboard */,
				6D691C5F22AF5040000D0E0A /* Info.plist */,
				6D691C6022AF5040000D0E0A /* main.m */,
				6D691C5722AF5040000D0E0A /* YumiMobileSDKDemo_iOS.xcdatamodeld */,
			);
			path = "YumiMobileSDKDemo-iOS";
			sourceTree = "<group>";
		};
		6DB514E022AF544F004A5A4F /* Demo */ = {
			isa = PBXGroup;
			children = (
				6DB514E222AF544F004A5A4F /* Tools */,
			);
			path = Demo;
			sourceTree = "<group>";
		};
		6DB514E222AF544F004A5A4F /* Tools */ = {
			isa = PBXGroup;
			children = (
				6D075B9E22B37D5A0041F2CC /* native_back@2x.png */,
				6D075B9D22B37D5A0041F2CC /* native_close@2x.png */,
				6DB5151922AF5ED1004A5A4F /* Layer+Transition */,
				6DB514E822AF544F004A5A4F /* Toast */,
				6DB514ED22AF544F004A5A4F /* YMInitializeModel.h */,
				6DB514E622AF544F004A5A4F /* YMInitializeModel.m */,
				6DB514E722AF544F004A5A4F /* YMInitializeInfoUserDefaults.h */,
				6DB514EE22AF544F004A5A4F /* YMInitializeInfoUserDefaults.m */,
				6DB514EF22AF544F004A5A4F /* YumiCommonHeaderFile.h */,
				6DB5152922AF6206004A5A4F /* YMAppViewController.h */,
				6DB5152522AF6205004A5A4F /* YMAppViewController.m */,
				6DB5152222AF6205004A5A4F /* YMAppViewController.xib */,
				6DB5152422AF6205004A5A4F /* YMNativeView.h */,
				6DB5152822AF6206004A5A4F /* YMNativeView.m */,
				6DB5152722AF6206004A5A4F /* YMNativeView.xib */,
				6DB5152322AF6205004A5A4F /* YMViewController.h */,
				6DB5152622AF6205004A5A4F /* YMViewController.m */,
			);
			path = Tools;
			sourceTree = "<group>";
		};
		6DB514E822AF544F004A5A4F /* Toast */ = {
			isa = PBXGroup;
			children = (
				6DB514E922AF544F004A5A4F /* UIView+Toast.h */,
				6DB514EA22AF544F004A5A4F /* UIView+Toast.m */,
			);
			path = Toast;
			sourceTree = "<group>";
		};
		6DB5151922AF5ED1004A5A4F /* Layer+Transition */ = {
			isa = PBXGroup;
			children = (
				6DB5151D22AF5EDF004A5A4F /* CALayer+Transition.h */,
				6DB5151E22AF5EDF004A5A4F /* CALayer+Transition.m */,
			);
			path = "Layer+Transition";
			sourceTree = "<group>";
		};
		FC0C33C48F3F158C4A3F5F10 /* Frameworks */ = {
			isa = PBXGroup;
			children = (
				26646733205B61C7FB7C5D13 /* libPods-YumiMobileSDKDemo-iOS.a */,
			);
			name = Frameworks;
			sourceTree = "<group>";
		};
/* End PBXGroup section */

/* Begin PBXNativeTarget section */
		6D691C4A22AF503F000D0E0A /* YumiMobileSDKDemo-iOS */ = {
			isa = PBXNativeTarget;
			buildConfigurationList = 6D691C6422AF5040000D0E0A /* Build configuration list for PBXNativeTarget "YumiMobileSDKDemo-iOS" */;
			buildPhases = (
				CCD79CE3E63CE19F9B60CEFF /* [CP] Check Pods Manifest.lock */,
				6D691C4722AF503F000D0E0A /* Sources */,
				6D691C4822AF503F000D0E0A /* Frameworks */,
				6D691C4922AF503F000D0E0A /* Resources */,
				B97B02E3C25F90655F35D9FB /* [CP] Copy Pods Resources */,
			);
			buildRules = (
			);
			dependencies = (
			);
			name = "YumiMobileSDKDemo-iOS";
			productName = "YumiMobileSDKDemo-iOS";
			productReference = 6D691C4B22AF503F000D0E0A /* YumiMobileSDKDemo-iOS.app */;
			productType = "com.apple.product-type.application";
		};
/* End PBXNativeTarget section */

/* Begin PBXProject section */
		6D691C4322AF503F000D0E0A /* Project object */ = {
			isa = PBXProject;
			attributes = {
				LastUpgradeCheck = 1020;
				ORGANIZATIONNAME = MichaelTang;
				TargetAttributes = {
					6D691C4A22AF503F000D0E0A = {
						CreatedOnToolsVersion = 10.2;
					};
				};
			};
			buildConfigurationList = 6D691C4622AF503F000D0E0A /* Build configuration list for PBXProject "YumiMobileSDKDemo-iOS" */;
			compatibilityVersion = "Xcode 9.3";
			developmentRegion = en;
			hasScannedForEncodings = 0;
			knownRegions = (
				en,
				Base,
			);
			mainGroup = 6D691C4222AF503F000D0E0A;
			productRefGroup = 6D691C4C22AF503F000D0E0A /* Products */;
			projectDirPath = "";
			projectRoot = "";
			targets = (
				6D691C4A22AF503F000D0E0A /* YumiMobileSDKDemo-iOS */,
			);
		};
/* End PBXProject section */

/* Begin PBXResourcesBuildPhase section */
		6D691C4922AF503F000D0E0A /* Resources */ = {
			isa = PBXResourcesBuildPhase;
			buildActionMask = 2147483647;
			files = (
				6D691C5E22AF5040000D0E0A /* LaunchScreen.storyboard in Resources */,
				6D691C5B22AF5040000D0E0A /* Assets.xcassets in Resources */,
				6DB5152A22AF6206004A5A4F /* YMAppViewController.xib in Resources */,
				6DB5152D22AF6206004A5A4F /* YMNativeView.xib in Resources */,
				6D075BA022B37D5A0041F2CC /* native_back@2x.png in Resources */,
				6D075B9F22B37D5A0041F2CC /* native_close@2x.png in Resources */,
				6D691C5622AF5040000D0E0A /* Main.storyboard in Resources */,
			);
			runOnlyForDeploymentPostprocessing = 0;
		};
/* End PBXResourcesBuildPhase section */

/* Begin PBXShellScriptBuildPhase section */
		B97B02E3C25F90655F35D9FB /* [CP] Copy Pods Resources */ = {
			isa = PBXShellScriptBuildPhase;
			buildActionMask = 2147483647;
			files = (
			);
			inputFileListPaths = (
				"${PODS_ROOT}/Target Support Files/Pods-YumiMobileSDKDemo-iOS/Pods-YumiMobileSDKDemo-iOS-resources-${CONFIGURATION}-input-files.xcfilelist",
			);
			name = "[CP] Copy Pods Resources";
			outputFileListPaths = (
				"${PODS_ROOT}/Target Support Files/Pods-YumiMobileSDKDemo-iOS/Pods-YumiMobileSDKDemo-iOS-resources-${CONFIGURATION}-output-files.xcfilelist",
			);
			runOnlyForDeploymentPostprocessing = 0;
			shellPath = /bin/sh;
			shellScript = "\"${PODS_ROOT}/Target Support Files/Pods-YumiMobileSDKDemo-iOS/Pods-YumiMobileSDKDemo-iOS-resources.sh\"\n";
			showEnvVarsInLog = 0;
		};
		CCD79CE3E63CE19F9B60CEFF /* [CP] Check Pods Manifest.lock */ = {
			isa = PBXShellScriptBuildPhase;
			buildActionMask = 2147483647;
			files = (
			);
			inputFileListPaths = (
			);
			inputPaths = (
				"${PODS_PODFILE_DIR_PATH}/Podfile.lock",
				"${PODS_ROOT}/Manifest.lock",
			);
			name = "[CP] Check Pods Manifest.lock";
			outputFileListPaths = (
			);
			outputPaths = (
				"$(DERIVED_FILE_DIR)/Pods-YumiMobileSDKDemo-iOS-checkManifestLockResult.txt",
			);
			runOnlyForDeploymentPostprocessing = 0;
			shellPath = /bin/sh;
			shellScript = "diff \"${PODS_PODFILE_DIR_PATH}/Podfile.lock\" \"${PODS_ROOT}/Manifest.lock\" > /dev/null\nif [ $? != 0 ] ; then\n    # print error to STDERR\n    echo \"error: The sandbox is not in sync with the Podfile.lock. Run 'pod install' or update your CocoaPods installation.\" >&2\n    exit 1\nfi\n# This output is used by Xcode 'outputs' to avoid re-running this script phase.\necho \"SUCCESS\" > \"${SCRIPT_OUTPUT_FILE_0}\"\n";
			showEnvVarsInLog = 0;
		};
/* End PBXShellScriptBuildPhase section */

/* Begin PBXSourcesBuildPhase section */
		6D691C4722AF503F000D0E0A /* Sources */ = {
			isa = PBXSourcesBuildPhase;
			buildActionMask = 2147483647;
			files = (
				6D691C5022AF5040000D0E0A /* YMAppDelegate.m in Sources */,
				6DB5152E22AF6206004A5A4F /* YMNativeView.m in Sources */,
				6DB5151F22AF5EDF004A5A4F /* CALayer+Transition.m in Sources */,
				6DB514FB22AF544F004A5A4F /* YMInitializeModel.m in Sources */,
				6DB514FC22AF544F004A5A4F /* UIView+Toast.m in Sources */,
				6D691C6122AF5040000D0E0A /* main.m in Sources */,
				6D691C5922AF5040000D0E0A /* YumiMobileSDKDemo_iOS.xcdatamodeld in Sources */,
				6DB5152C22AF6206004A5A4F /* YMViewController.m in Sources */,
				6DB5152B22AF6206004A5A4F /* YMAppViewController.m in Sources */,
				6DB514FE22AF544F004A5A4F /* YMInitializeInfoUserDefaults.m in Sources */,
			);
			runOnlyForDeploymentPostprocessing = 0;
		};
/* End PBXSourcesBuildPhase section */

/* Begin PBXVariantGroup section */
		6D691C5422AF5040000D0E0A /* Main.storyboard */ = {
			isa = PBXVariantGroup;
			children = (
				6D691C5522AF5040000D0E0A /* Base */,
			);
			name = Main.storyboard;
			sourceTree = "<group>";
		};
		6D691C5C22AF5040000D0E0A /* LaunchScreen.storyboard */ = {
			isa = PBXVariantGroup;
			children = (
				6D691C5D22AF5040000D0E0A /* Base */,
			);
			name = LaunchScreen.storyboard;
			sourceTree = "<group>";
		};
/* End PBXVariantGroup section */

/* Begin XCBuildConfiguration section */
		6D691C6222AF5040000D0E0A /* Debug */ = {
			isa = XCBuildConfiguration;
			buildSettings = {
				ALWAYS_SEARCH_USER_PATHS = NO;
				CLANG_ANALYZER_NONNULL = YES;
				CLANG_ANALYZER_NUMBER_OBJECT_CONVERSION = YES_AGGRESSIVE;
				CLANG_CXX_LANGUAGE_STANDARD = "gnu++14";
				CLANG_CXX_LIBRARY = "libc++";
				CLANG_ENABLE_MODULES = YES;
				CLANG_ENABLE_OBJC_ARC = YES;
				CLANG_ENABLE_OBJC_WEAK = YES;
				CLANG_WARN_BLOCK_CAPTURE_AUTORELEASING = YES;
				CLANG_WARN_BOOL_CONVERSION = YES;
				CLANG_WARN_COMMA = YES;
				CLANG_WARN_CONSTANT_CONVERSION = YES;
				CLANG_WARN_DEPRECATED_OBJC_IMPLEMENTATIONS = YES;
				CLANG_WARN_DIRECT_OBJC_ISA_USAGE = YES_ERROR;
				CLANG_WARN_DOCUMENTATION_COMMENTS = YES;
				CLANG_WARN_EMPTY_BODY = YES;
				CLANG_WARN_ENUM_CONVERSION = YES;
				CLANG_WARN_INFINITE_RECURSION = YES;
				CLANG_WARN_INT_CONVERSION = YES;
				CLANG_WARN_NON_LITERAL_NULL_CONVERSION = YES;
				CLANG_WARN_OBJC_IMPLICIT_RETAIN_SELF = YES;
				CLANG_WARN_OBJC_LITERAL_CONVERSION = YES;
				CLANG_WARN_OBJC_ROOT_CLASS = YES_ERROR;
				CLANG_WARN_RANGE_LOOP_ANALYSIS = YES;
				CLANG_WARN_STRICT_PROTOTYPES = YES;
				CLANG_WARN_SUSPICIOUS_MOVE = YES;
				CLANG_WARN_UNGUARDED_AVAILABILITY = YES_AGGRESSIVE;
				CLANG_WARN_UNREACHABLE_CODE = YES;
				CLANG_WARN__DUPLICATE_METHOD_MATCH = YES;
				CODE_SIGN_IDENTITY = "iPhone Developer";
				COPY_PHASE_STRIP = NO;
				DEBUG_INFORMATION_FORMAT = dwarf;
				ENABLE_STRICT_OBJC_MSGSEND = YES;
				ENABLE_TESTABILITY = YES;
				GCC_C_LANGUAGE_STANDARD = gnu11;
				GCC_DYNAMIC_NO_PIC = NO;
				GCC_NO_COMMON_BLOCKS = YES;
				GCC_OPTIMIZATION_LEVEL = 0;
				GCC_PREPROCESSOR_DEFINITIONS = (
					"DEBUG=1",
					"$(inherited)",
				);
				GCC_WARN_64_TO_32_BIT_CONVERSION = YES;
				GCC_WARN_ABOUT_RETURN_TYPE = YES_ERROR;
				GCC_WARN_UNDECLARED_SELECTOR = YES;
				GCC_WARN_UNINITIALIZED_AUTOS = YES_AGGRESSIVE;
				GCC_WARN_UNUSED_FUNCTION = YES;
				GCC_WARN_UNUSED_VARIABLE = YES;
				IPHONEOS_DEPLOYMENT_TARGET = 8.0;
				MTL_ENABLE_DEBUG_INFO = INCLUDE_SOURCE;
				MTL_FAST_MATH = YES;
				ONLY_ACTIVE_ARCH = YES;
				SDKROOT = iphoneos;
			};
			name = Debug;
		};
		6D691C6322AF5040000D0E0A /* Release */ = {
			isa = XCBuildConfiguration;
			buildSettings = {
				ALWAYS_SEARCH_USER_PATHS = NO;
				CLANG_ANALYZER_NONNULL = YES;
				CLANG_ANALYZER_NUMBER_OBJECT_CONVERSION = YES_AGGRESSIVE;
				CLANG_CXX_LANGUAGE_STANDARD = "gnu++14";
				CLANG_CXX_LIBRARY = "libc++";
				CLANG_ENABLE_MODULES = YES;
				CLANG_ENABLE_OBJC_ARC = YES;
				CLANG_ENABLE_OBJC_WEAK = YES;
				CLANG_WARN_BLOCK_CAPTURE_AUTORELEASING = YES;
				CLANG_WARN_BOOL_CONVERSION = YES;
				CLANG_WARN_COMMA = YES;
				CLANG_WARN_CONSTANT_CONVERSION = YES;
				CLANG_WARN_DEPRECATED_OBJC_IMPLEMENTATIONS = YES;
				CLANG_WARN_DIRECT_OBJC_ISA_USAGE = YES_ERROR;
				CLANG_WARN_DOCUMENTATION_COMMENTS = YES;
				CLANG_WARN_EMPTY_BODY = YES;
				CLANG_WARN_ENUM_CONVERSION = YES;
				CLANG_WARN_INFINITE_RECURSION = YES;
				CLANG_WARN_INT_CONVERSION = YES;
				CLANG_WARN_NON_LITERAL_NULL_CONVERSION = YES;
				CLANG_WARN_OBJC_IMPLICIT_RETAIN_SELF = YES;
				CLANG_WARN_OBJC_LITERAL_CONVERSION = YES;
				CLANG_WARN_OBJC_ROOT_CLASS = YES_ERROR;
				CLANG_WARN_RANGE_LOOP_ANALYSIS = YES;
				CLANG_WARN_STRICT_PROTOTYPES = YES;
				CLANG_WARN_SUSPICIOUS_MOVE = YES;
				CLANG_WARN_UNGUARDED_AVAILABILITY = YES_AGGRESSIVE;
				CLANG_WARN_UNREACHABLE_CODE = YES;
				CLANG_WARN__DUPLICATE_METHOD_MATCH = YES;
				CODE_SIGN_IDENTITY = "iPhone Developer";
				COPY_PHASE_STRIP = NO;
				DEBUG_INFORMATION_FORMAT = "dwarf-with-dsym";
				ENABLE_NS_ASSERTIONS = NO;
				ENABLE_STRICT_OBJC_MSGSEND = YES;
				GCC_C_LANGUAGE_STANDARD = gnu11;
				GCC_NO_COMMON_BLOCKS = YES;
				GCC_WARN_64_TO_32_BIT_CONVERSION = YES;
				GCC_WARN_ABOUT_RETURN_TYPE = YES_ERROR;
				GCC_WARN_UNDECLARED_SELECTOR = YES;
				GCC_WARN_UNINITIALIZED_AUTOS = YES_AGGRESSIVE;
				GCC_WARN_UNUSED_FUNCTION = YES;
				GCC_WARN_UNUSED_VARIABLE = YES;
				IPHONEOS_DEPLOYMENT_TARGET = 8.0;
				MTL_ENABLE_DEBUG_INFO = NO;
				MTL_FAST_MATH = YES;
				SDKROOT = iphoneos;
				VALIDATE_PRODUCT = YES;
			};
			name = Release;
		};
		6D691C6522AF5040000D0E0A /* Debug */ = {
			isa = XCBuildConfiguration;
			baseConfigurationReference = EE975C95BBDD187E32643DE2 /* Pods-YumiMobileSDKDemo-iOS.debug.xcconfig */;
			buildSettings = {
				ASSETCATALOG_COMPILER_APPICON_NAME = AppIcon;
				CODE_SIGN_IDENTITY = "iPhone Distribution";
				CODE_SIGN_STYLE = Manual;
				CURRENT_PROJECT_VERSION = 2020021201;
				DEVELOPMENT_TEAM = L5UE3EGW93;
				INFOPLIST_FILE = "YumiMobileSDKDemo-iOS/Info.plist";
				IPHONEOS_DEPLOYMENT_TARGET = 8.0;
				LD_RUNPATH_SEARCH_PATHS = (
					"$(inherited)",
					"@executable_path/Frameworks",
				);
				MARKETING_VERSION = 4.5.1;
				PRODUCT_BUNDLE_IDENTIFIER = com.zplay.popstar;
				PRODUCT_NAME = "$(TARGET_NAME)";
				PROVISIONING_PROFILE_SPECIFIER = "Dis-zplay*";
				TARGETED_DEVICE_FAMILY = "1,2";
			};
			name = Debug;
		};
		6D691C6622AF5040000D0E0A /* Release */ = {
			isa = XCBuildConfiguration;
			baseConfigurationReference = E1429F12022620E1852F4AF9 /* Pods-YumiMobileSDKDemo-iOS.release.xcconfig */;
			buildSettings = {
				ASSETCATALOG_COMPILER_APPICON_NAME = AppIcon;
				CODE_SIGN_IDENTITY = "iPhone Distribution";
				CODE_SIGN_STYLE = Manual;
				CURRENT_PROJECT_VERSION = 2020021201;
				DEVELOPMENT_TEAM = L5UE3EGW93;
				INFOPLIST_FILE = "YumiMobileSDKDemo-iOS/Info.plist";
				IPHONEOS_DEPLOYMENT_TARGET = 8.0;
				LD_RUNPATH_SEARCH_PATHS = (
					"$(inherited)",
					"@executable_path/Frameworks",
				);
				MARKETING_VERSION = 4.5.1;
				PRODUCT_BUNDLE_IDENTIFIER = com.zplay.popstar;
				PRODUCT_NAME = "$(TARGET_NAME)";
				PROVISIONING_PROFILE_SPECIFIER = "Dis-zplay*";
				TARGETED_DEVICE_FAMILY = "1,2";
			};
			name = Release;
		};
/* End XCBuildConfiguration section */

/* Begin XCConfigurationList section */
		6D691C4622AF503F000D0E0A /* Build configuration list for PBXProject "YumiMobileSDKDemo-iOS" */ = {
			isa = XCConfigurationList;
			buildConfigurations = (
				6D691C6222AF5040000D0E0A /* Debug */,
				6D691C6322AF5040000D0E0A /* Release */,
			);
			defaultConfigurationIsVisible = 0;
			defaultConfigurationName = Release;
		};
		6D691C6422AF5040000D0E0A /* Build configuration list for PBXNativeTarget "YumiMobileSDKDemo-iOS" */ = {
			isa = XCConfigurationList;
			buildConfigurations = (
				6D691C6522AF5040000D0E0A /* Debug */,
				6D691C6622AF5040000D0E0A /* Release */,
			);
			defaultConfigurationIsVisible = 0;
			defaultConfigurationName = Release;
		};
/* End XCConfigurationList section */

/* Begin XCVersionGroup section */
		6D691C5722AF5040000D0E0A /* YumiMobileSDKDemo_iOS.xcdatamodeld */ = {
			isa = XCVersionGroup;
			children = (
				6D691C5822AF5040000D0E0A /* YumiMobileSDKDemo_iOS.xcdatamodel */,
			);
			currentVersion = 6D691C5822AF5040000D0E0A /* YumiMobileSDKDemo_iOS.xcdatamodel */;
			path = YumiMobileSDKDemo_iOS.xcdatamodeld;
			sourceTree = "<group>";
			versionGroupType = wrapper.xcdatamodel;
		};
/* End XCVersionGroup section */
	};
	rootObject = 6D691C4322AF503F000D0E0A /* Project object */;
}
